
Microsoft Visual Studio Solution File, Format Version 12.00
# Visual Studio Version 17
VisualStudioVersion = 17.3.32901.215
MinimumVisualStudioVersion = 10.0.40219.1
Project("{FAE04EC0-301F-11D3-BF4B-00C04F79EFBC}") = "ScreenTrigger", "ScreenTrigger\ScreenTrigger.csproj", "{EF2F536C-B0AB-4F61-B4BA-8915E651B2AE}"
EndProject
Global
	GlobalSection(SolutionConfigurationPlatforms) = preSolution
		Debug|Any CPU = Debug|Any CPU
		Release|Any CPU = Release|Any CPU
	EndGlobalSection
	GlobalSection(ProjectConfigurationPlatforms) = postSolution
		{EF2F536C-B0AB-4F61-B4BA-8915E651B2AE}.Debug|Any CPU.ActiveCfg = Debug|Any CPU
		{EF2F536C-B0AB-4F61-B4BA-8915E651B2AE}.Debug|Any CPU.Build.0 = Debug|Any CPU
		{EF2F536C-B0AB-4F61-B4BA-8915E651B2AE}.Release|Any CPU.ActiveCfg = Release|Any CPU
		{EF2F536C-B0AB-4F61-B4BA-8915E651B2AE}.Release|Any CPU.Build.0 = Release|Any CPU
	EndGlobalSection
	GlobalSection(SolutionProperties) = preSolution
		HideSolutionNode = FALSE
	EndGlobalSection
	GlobalSection(ExtensibilityGlobals) = postSolution
		SolutionGuid = {D58E97D3-C33B-40DB-828A-297873A7B824}
	EndGlobalSection
EndGlobal
